
Microsoft Visual Studio Solution File, Format Version 12.00
# Visual Studio 15
VisualStudioVersion = 15.0.28307.271
MinimumVisualStudioVersion = 10.0.40219.1
Project("{FAE04EC0-301F-11D3-BF4B-00C04F79EFBC}") = "MvcClient", "MvcClient\MvcClient.csproj", "{4D3E053D-1651-4D3E-9231-D253E02401A7}"
EndProject
Project("{FAE04EC0-301F-11D3-BF4B-00C04F79EFBC}") = "MvcWebAPI", "MvcWebAPI\MvcWebAPI.csproj", "{C3EDC892-D2F8-44F3-9EA6-8ED21E260BD7}"
EndProject
Global
	GlobalSection(SolutionConfigurationPlatforms) = preSolution
		Debug|Any CPU = Debug|Any CPU
		Release|Any CPU = Release|Any CPU
	EndGlobalSection
	GlobalSection(ProjectConfigurationPlatforms) = postSolution
		{4D3E053D-1651-4D3E-9231-D253E02401A7}.Debug|Any CPU.ActiveCfg = Debug|Any CPU
		{4D3E053D-1651-4D3E-9231-D253E02401A7}.Debug|Any CPU.Build.0 = Debug|Any CPU
		{4D3E053D-1651-4D3E-9231-D253E02401A7}.Release|Any CPU.ActiveCfg = Release|Any CPU
		{4D3E053D-1651-4D3E-9231-D253E02401A7}.Release|Any CPU.Build.0 = Release|Any CPU
		{C3EDC892-D2F8-44F3-9EA6-8ED21E260BD7}.Debug|Any CPU.ActiveCfg = Debug|Any CPU
		{C3EDC892-D2F8-44F3-9EA6-8ED21E260BD7}.Debug|Any CPU.Build.0 = Debug|Any CPU
		{C3EDC892-D2F8-44F3-9EA6-8ED21E260BD7}.Release|Any CPU.ActiveCfg = Release|Any CPU
		{C3EDC892-D2F8-44F3-9EA6-8ED21E260BD7}.Release|Any CPU.Build.0 = Release|Any CPU
	EndGlobalSection
	GlobalSection(SolutionProperties) = preSolution
		HideSolutionNode = FALSE
	EndGlobalSection
	GlobalSection(ExtensibilityGlobals) = postSolution
		SolutionGuid = {B91FD200-532D-4532-B4B2-43BBCAC19AB6}
	EndGlobalSection
EndGlobal
